// !$*UTF8*$!
{
	archiveVersion = 1;
	classes = {
	};
	objectVersion = 50;
	objects = {

/* Begin PBXBuildFile section */
		3E02DB5320BD9AA400344A41 /* QuestionCell.swift in Sources */ = {isa = PBXBuildFile; fileRef = 3E02DB5220BD9AA400344A41 /* QuestionCell.swift */; };
		3E06490F20BFF79400077CD1 /* SummaryCell.swift in Sources */ = {isa = PBXBuildFile; fileRef = 3E06490E20BFF79400077CD1 /* SummaryCell.swift */; };
		3E06491120BFFD9C00077CD1 /* SummaryController.swift in Sources */ = {isa = PBXBuildFile; fileRef = 3E06491020BFFD9C00077CD1 /* SummaryController.swift */; };
		3E08BD0020BD322B001F628F /* TestViewController.swift in Sources */ = {isa = PBXBuildFile; fileRef = 3E08BCFF20BD322B001F628F /* TestViewController.swift */; };
		3E56214A20BA9F9C009E6521 /* Lecture.swift in Sources */ = {isa = PBXBuildFile; fileRef = 3E56214920BA9F9C009E6521 /* Lecture.swift */; };
		3E56214C20BAD5D5009E6521 /* Question.swift in Sources */ = {isa = PBXBuildFile; fileRef = 3E56214B20BAD5D5009E6521 /* Question.swift */; };
		3EAB3DAF20B051CB00913C9D /* AppDelegate.swift in Sources */ = {isa = PBXBuildFile; fileRef = 3EAB3DAE20B051CB00913C9D /* AppDelegate.swift */; };
		3EAB3DB420B051CB00913C9D /* Main.storyboard in Resources */ = {isa = PBXBuildFile; fileRef = 3EAB3DB220B051CB00913C9D /* Main.storyboard */; };
		3EAB3DB620B051D700913C9D /* Assets.xcassets in Resources */ = {isa = PBXBuildFile; fileRef = 3EAB3DB520B051D700913C9D /* Assets.xcassets */; };
		3EAB3DB920B051D700913C9D /* LaunchScreen.storyboard in Resources */ = {isa = PBXBuildFile; fileRef = 3EAB3DB720B051D700913C9D /* LaunchScreen.storyboard */; };
		3EAB3DC420B051D700913C9D /* Trip_TestTests.swift in Sources */ = {isa = PBXBuildFile; fileRef = 3EAB3DC320B051D700913C9D /* Trip_TestTests.swift */; };
		3EAB3DCF20B051D700913C9D /* Trip_TestUITests.swift in Sources */ = {isa = PBXBuildFile; fileRef = 3EAB3DCE20B051D700913C9D /* Trip_TestUITests.swift */; };
		3EAB3DDD20B0528400913C9D /* LectureSwipeController.swift in Sources */ = {isa = PBXBuildFile; fileRef = 3EAB3DDC20B0528400913C9D /* LectureSwipeController.swift */; };
		3EAB3DDF20B052CE00913C9D /* CollectionCell.swift in Sources */ = {isa = PBXBuildFile; fileRef = 3EAB3DDE20B052CE00913C9D /* CollectionCell.swift */; };
/* End PBXBuildFile section */

/* Begin PBXContainerItemProxy section */
		3EAB3DC020B051D700913C9D /* PBXContainerItemProxy */ = {
			isa = PBXContainerItemProxy;
			containerPortal = 3EAB3DA320B051CB00913C9D /* Project object */;
			proxyType = 1;
			remoteGlobalIDString = 3EAB3DAA20B051CB00913C9D;
			remoteInfo = "Trip Test";
		};
		3EAB3DCB20B051D700913C9D /* PBXContainerItemProxy */ = {
			isa = PBXContainerItemProxy;
			containerPortal = 3EAB3DA320B051CB00913C9D /* Project object */;
			proxyType = 1;
			remoteGlobalIDString = 3EAB3DAA20B051CB00913C9D;
			remoteInfo = "Trip Test";
		};
/* End PBXContainerItemProxy section */

/* Begin PBXFileReference section */
		3E02DB5220BD9AA400344A41 /* QuestionCell.swift */ = {isa = PBXFileReference; lastKnownFileType = sourcecode.swift; path = QuestionCell.swift; sourceTree = "<group>"; };
		3E06490E20BFF79400077CD1 /* SummaryCell.swift */ = {isa = PBXFileReference; lastKnownFileType = sourcecode.swift; path = SummaryCell.swift; sourceTree = "<group>"; };
		3E06491020BFFD9C00077CD1 /* SummaryController.swift */ = {isa = PBXFileReference; lastKnownFileType = sourcecode.swift; path = SummaryController.swift; sourceTree = "<group>"; };
		3E08BCFF20BD322B001F628F /* TestViewController.swift */ = {isa = PBXFileReference; lastKnownFileType = sourcecode.swift; path = TestViewController.swift; sourceTree = "<group>"; };
		3E56214920BA9F9C009E6521 /* Lecture.swift */ = {isa = PBXFileReference; lastKnownFileType = sourcecode.swift; path = Lecture.swift; sourceTree = "<group>"; };
		3E56214B20BAD5D5009E6521 /* Question.swift */ = {isa = PBXFileReference; lastKnownFileType = sourcecode.swift; path = Question.swift; sourceTree = "<group>"; };
		3EAB3DAB20B051CB00913C9D /* Trip Test.app */ = {isa = PBXFileReference; explicitFileType = wrapper.application; includeInIndex = 0; path = "Trip Test.app"; sourceTree = BUILT_PRODUCTS_DIR; };
		3EAB3DAE20B051CB00913C9D /* AppDelegate.swift */ = {isa = PBXFileReference; lastKnownFileType = sourcecode.swift; path = AppDelegate.swift; sourceTree = "<group>"; };
		3EAB3DB320B051CB00913C9D /* Base */ = {isa = PBXFileReference; lastKnownFileType = file.storyboard; name = Base; path = Base.lproj/Main.storyboard; sourceTree = "<group>"; };
		3EAB3DB520B051D700913C9D /* Assets.xcassets */ = {isa = PBXFileReference; lastKnownFileType = folder.assetcatalog; path = Assets.xcassets; sourceTree = "<group>"; };
		3EAB3DB820B051D700913C9D /* Base */ = {isa = PBXFileReference; lastKnownFileType = file.storyboard; name = Base; path = Base.lproj/LaunchScreen.storyboard; sourceTree = "<group>"; };
		3EAB3DBA20B051D700913C9D /* Info.plist */ = {isa = PBXFileReference; lastKnownFileType = text.plist.xml; path = Info.plist; sourceTree = "<group>"; };
		3EAB3DBF20B051D700913C9D /* Trip TestTests.xctest */ = {isa = PBXFileReference; explicitFileType = wrapper.cfbundle; includeInIndex = 0; path = "Trip TestTests.xctest"; sourceTree = BUILT_PRODUCTS_DIR; };
		3EAB3DC320B051D700913C9D /* Trip_TestTests.swift */ = {isa = PBXFileReference; lastKnownFileType = sourcecode.swift; path = Trip_TestTests.swift; sourceTree = "<group>"; };
		3EAB3DC520B051D700913C9D /* Info.plist */ = {isa = PBXFileReference; lastKnownFileType = text.plist.xml; path = Info.plist; sourceTree = "<group>"; };
		3EAB3DCA20B051D700913C9D /* Trip TestUITests.xctest */ = {isa = PBXFileReference; explicitFileType = wrapper.cfbundle; includeInIndex = 0; path = "Trip TestUITests.xctest"; sourceTree = BUILT_PRODUCTS_DIR; };
		3EAB3DCE20B051D700913C9D /* Trip_TestUITests.swift */ = {isa = PBXFileReference; lastKnownFileType = sourcecode.swift; path = Trip_TestUITests.swift; sourceTree = "<group>"; };
		3EAB3DD020B051D700913C9D /* Info.plist */ = {isa = PBXFileReference; lastKnownFileType = text.plist.xml; path = Info.plist; sourceTree = "<group>"; };
		3EAB3DDC20B0528400913C9D /* LectureSwipeController.swift */ = {isa = PBXFileReference; lastKnownFileType = sourcecode.swift; path = LectureSwipeController.swift; sourceTree = "<group>"; };
		3EAB3DDE20B052CE00913C9D /* CollectionCell.swift */ = {isa = PBXFileReference; lastKnownFileType = sourcecode.swift; path = CollectionCell.swift; sourceTree = "<group>"; };
/* End PBXFileReference section */

/* Begin PBXFrameworksBuildPhase section */
		3EAB3DA820B051CB00913C9D /* Frameworks */ = {
			isa = PBXFrameworksBuildPhase;
			buildActionMask = 2147483647;
			files = (
			);
			runOnlyForDeploymentPostprocessing = 0;
		};
		3EAB3DBC20B051D700913C9D /* Frameworks */ = {
			isa = PBXFrameworksBuildPhase;
			buildActionMask = 2147483647;
			files = (
			);
			runOnlyForDeploymentPostprocessing = 0;
		};
		3EAB3DC720B051D700913C9D /* Frameworks */ = {
			isa = PBXFrameworksBuildPhase;
			buildActionMask = 2147483647;
			files = (
			);
			runOnlyForDeploymentPostprocessing = 0;
		};
/* End PBXFrameworksBuildPhase section */

/* Begin PBXGroup section */
		3E02DB4E20BD98AA00344A41 /* View */ = {
			isa = PBXGroup;
			children = (
				3EAB3DDE20B052CE00913C9D /* CollectionCell.swift */,
				3E02DB5220BD9AA400344A41 /* QuestionCell.swift */,
				3E06490E20BFF79400077CD1 /* SummaryCell.swift */,
			);
			path = View;
			sourceTree = "<group>";
		};
		3E02DB4F20BD98BB00344A41 /* Controller */ = {
			isa = PBXGroup;
			children = (
				3EAB3DDC20B0528400913C9D /* LectureSwipeController.swift */,
				3E08BCFF20BD322B001F628F /* TestViewController.swift */,
				3E06491020BFFD9C00077CD1 /* SummaryController.swift */,
			);
			path = Controller;
			sourceTree = "<group>";
		};
		3E02DB5120BD98DF00344A41 /* Model */ = {
			isa = PBXGroup;
			children = (
				3E56214920BA9F9C009E6521 /* Lecture.swift */,
				3E56214B20BAD5D5009E6521 /* Question.swift */,
			);
			path = Model;
			sourceTree = "<group>";
		};
		3EAB3DA220B051CB00913C9D = {
			isa = PBXGroup;
			children = (
				3EAB3DAD20B051CB00913C9D /* Trip Test */,
				3EAB3DC220B051D700913C9D /* Trip TestTests */,
				3EAB3DCD20B051D700913C9D /* Trip TestUITests */,
				3EAB3DAC20B051CB00913C9D /* Products */,
			);
			sourceTree = "<group>";
		};
		3EAB3DAC20B051CB00913C9D /* Products */ = {
			isa = PBXGroup;
			children = (
				3EAB3DAB20B051CB00913C9D /* Trip Test.app */,
				3EAB3DBF20B051D700913C9D /* Trip TestTests.xctest */,
				3EAB3DCA20B051D700913C9D /* Trip TestUITests.xctest */,
			);
			name = Products;
			sourceTree = "<group>";
		};
		3EAB3DAD20B051CB00913C9D /* Trip Test */ = {
			isa = PBXGroup;
			children = (
				3E02DB5120BD98DF00344A41 /* Model */,
				3E02DB4F20BD98BB00344A41 /* Controller */,
				3E02DB4E20BD98AA00344A41 /* View */,
				3EAB3DAE20B051CB00913C9D /* AppDelegate.swift */,
				3EAB3DB220B051CB00913C9D /* Main.storyboard */,
				3EAB3DB520B051D700913C9D /* Assets.xcassets */,
				3EAB3DB720B051D700913C9D /* LaunchScreen.storyboard */,
				3EAB3DBA20B051D700913C9D /* Info.plist */,
			);
			path = "Trip Test";
			sourceTree = "<group>";
		};
		3EAB3DC220B051D700913C9D /* Trip TestTests */ = {
			isa = PBXGroup;
			children = (
				3EAB3DC320B051D700913C9D /* Trip_TestTests.swift */,
				3EAB3DC520B051D700913C9D /* Info.plist */,
			);
			path = "Trip TestTests";
			sourceTree = "<group>";
		};
		3EAB3DCD20B051D700913C9D /* Trip TestUITests */ = {
			isa = PBXGroup;
			children = (
				3EAB3DCE20B051D700913C9D /* Trip_TestUITests.swift */,
				3EAB3DD020B051D700913C9D /* Info.plist */,
			);
			path = "Trip TestUITests";
			sourceTree = "<group>";
		};
/* End PBXGroup section */

/* Begin PBXNativeTarget section */
		3EAB3DAA20B051CB00913C9D /* Trip Test */ = {
			isa = PBXNativeTarget;
			buildConfigurationList = 3EAB3DD320B051D700913C9D /* Build configuration list for PBXNativeTarget "Trip Test" */;
			buildPhases = (
				3EAB3DA720B051CB00913C9D /* Sources */,
				3EAB3DA820B051CB00913C9D /* Frameworks */,
				3EAB3DA920B051CB00913C9D /* Resources */,
			);
			buildRules = (
			);
			dependencies = (
			);
			name = "Trip Test";
			productName = "Trip Test";
			productReference = 3EAB3DAB20B051CB00913C9D /* Trip Test.app */;
			productType = "com.apple.product-type.application";
		};
		3EAB3DBE20B051D700913C9D /* Trip TestTests */ = {
			isa = PBXNativeTarget;
			buildConfigurationList = 3EAB3DD620B051D700913C9D /* Build configuration list for PBXNativeTarget "Trip TestTests" */;
			buildPhases = (
				3EAB3DBB20B051D700913C9D /* Sources */,
				3EAB3DBC20B051D700913C9D /* Frameworks */,
				3EAB3DBD20B051D700913C9D /* Resources */,
			);
			buildRules = (
			);
			dependencies = (
				3EAB3DC120B051D700913C9D /* PBXTargetDependency */,
			);
			name = "Trip TestTests";
			productName = "Trip TestTests";
			productReference = 3EAB3DBF20B051D700913C9D /* Trip TestTests.xctest */;
			productType = "com.apple.product-type.bundle.unit-test";
		};
		3EAB3DC920B051D700913C9D /* Trip TestUITests */ = {
			isa = PBXNativeTarget;
			buildConfigurationList = 3EAB3DD920B051D700913C9D /* Build configuration list for PBXNativeTarget "Trip TestUITests" */;
			buildPhases = (
				3EAB3DC620B051D700913C9D /* Sources */,
				3EAB3DC720B051D700913C9D /* Frameworks */,
				3EAB3DC820B051D700913C9D /* Resources */,
			);
			buildRules = (
			);
			dependencies = (
				3EAB3DCC20B051D700913C9D /* PBXTargetDependency */,
			);
			name = "Trip TestUITests";
			productName = "Trip TestUITests";
			productReference = 3EAB3DCA20B051D700913C9D /* Trip TestUITests.xctest */;
			productType = "com.apple.product-type.bundle.ui-testing";
		};
/* End PBXNativeTarget section */

/* Begin PBXProject section */
		3EAB3DA320B051CB00913C9D /* Project object */ = {
			isa = PBXProject;
			attributes = {
				LastSwiftUpdateCheck = 0930;
				LastUpgradeCheck = 0930;
				ORGANIZATIONNAME = "Wojciech Jankowiak";
				TargetAttributes = {
					3EAB3DAA20B051CB00913C9D = {
						CreatedOnToolsVersion = 9.3;
					};
					3EAB3DBE20B051D700913C9D = {
						CreatedOnToolsVersion = 9.3;
						TestTargetID = 3EAB3DAA20B051CB00913C9D;
					};
					3EAB3DC920B051D700913C9D = {
						CreatedOnToolsVersion = 9.3;
						TestTargetID = 3EAB3DAA20B051CB00913C9D;
					};
				};
			};
			buildConfigurationList = 3EAB3DA620B051CB00913C9D /* Build configuration list for PBXProject "Trip Test" */;
			compatibilityVersion = "Xcode 9.3";
			developmentRegion = en;
			hasScannedForEncodings = 0;
			knownRegions = (
				en,
				Base,
			);
			mainGroup = 3EAB3DA220B051CB00913C9D;
			productRefGroup = 3EAB3DAC20B051CB00913C9D /* Products */;
			projectDirPath = "";
			projectRoot = "";
			targets = (
				3EAB3DAA20B051CB00913C9D /* Trip Test */,
				3EAB3DBE20B051D700913C9D /* Trip TestTests */,
				3EAB3DC920B051D700913C9D /* Trip TestUITests */,
			);
		};
/* End PBXProject section */

/* Begin PBXResourcesBuildPhase section */
		3EAB3DA920B051CB00913C9D /* Resources */ = {
			isa = PBXResourcesBuildPhase;
			buildActionMask = 2147483647;
			files = (
				3EAB3DB920B051D700913C9D /* LaunchScreen.storyboard in Resources */,
				3EAB3DB620B051D700913C9D /* Assets.xcassets in Resources */,
				3EAB3DB420B051CB00913C9D /* Main.storyboard in Resources */,
			);
			runOnlyForDeploymentPostprocessing = 0;
		};
		3EAB3DBD20B051D700913C9D /* Resources */ = {
			isa = PBXResourcesBuildPhase;
			buildActionMask = 2147483647;
			files = (
			);
			runOnlyForDeploymentPostprocessing = 0;
		};
		3EAB3DC820B051D700913C9D /* Resources */ = {
			isa = PBXResourcesBuildPhase;
			buildActionMask = 2147483647;
			files = (
			);
			runOnlyForDeploymentPostprocessing = 0;
		};
/* End PBXResourcesBuildPhase section */

/* Begin PBXSourcesBuildPhase section */
		3EAB3DA720B051CB00913C9D /* Sources */ = {
			isa = PBXSourcesBuildPhase;
			buildActionMask = 2147483647;
			files = (
				3EAB3DDF20B052CE00913C9D /* CollectionCell.swift in Sources */,
				3EAB3DDD20B0528400913C9D /* LectureSwipeController.swift in Sources */,
				3E06490F20BFF79400077CD1 /* SummaryCell.swift in Sources */,
				3E08BD0020BD322B001F628F /* TestViewController.swift in Sources */,
				3E02DB5320BD9AA400344A41 /* QuestionCell.swift in Sources */,
				3E56214C20BAD5D5009E6521 /* Question.swift in Sources */,
				3E06491120BFFD9C00077CD1 /* SummaryController.swift in Sources */,
				3EAB3DAF20B051CB00913C9D /* AppDelegate.swift in Sources */,
				3E56214A20BA9F9C009E6521 /* Lecture.swift in Sources */,
			);
			runOnlyForDeploymentPostprocessing = 0;
		};
		3EAB3DBB20B051D700913C9D /* Sources */ = {
			isa = PBXSourcesBuildPhase;
			buildActionMask = 2147483647;
			files = (
				3EAB3DC420B051D700913C9D /* Trip_TestTests.swift in Sources */,
			);
			runOnlyForDeploymentPostprocessing = 0;
		};
		3EAB3DC620B051D700913C9D /* Sources */ = {
			isa = PBXSourcesBuildPhase;
			buildActionMask = 2147483647;
			files = (
				3EAB3DCF20B051D700913C9D /* Trip_TestUITests.swift in Sources */,
			);
			runOnlyForDeploymentPostprocessing = 0;
		};
/* End PBXSourcesBuildPhase section */

/* Begin PBXTargetDependency section */
		3EAB3DC120B051D700913C9D /* PBXTargetDependency */ = {
			isa = PBXTargetDependency;
			target = 3EAB3DAA20B051CB00913C9D /* Trip Test */;
			targetProxy = 3EAB3DC020B051D700913C9D /* PBXContainerItemProxy */;
		};
		3EAB3DCC20B051D700913C9D /* PBXTargetDependency */ = {
			isa = PBXTargetDependency;
			target = 3EAB3DAA20B051CB00913C9D /* Trip Test */;
			targetProxy = 3EAB3DCB20B051D700913C9D /* PBXContainerItemProxy */;
		};
/* End PBXTargetDependency section */

/* Begin PBXVariantGroup section */
		3EAB3DB220B051CB00913C9D /* Main.storyboard */ = {
			isa = PBXVariantGroup;
			children = (
				3EAB3DB320B051CB00913C9D /* Base */,
			);
			name = Main.storyboard;
			sourceTree = "<group>";
		};
		3EAB3DB720B051D700913C9D /* LaunchScreen.storyboard */ = {
			isa = PBXVariantGroup;
			children = (
				3EAB3DB820B051D700913C9D /* Base */,
			);
			name = LaunchScreen.storyboard;
			sourceTree = "<group>";
		};
/* End PBXVariantGroup section */

/* Begin XCBuildConfiguration section */
		3EAB3DD120B051D700913C9D /* Debug */ = {
			isa = XCBuildConfiguration;
			buildSettings = {
				ALWAYS_SEARCH_USER_PATHS = NO;
				CLANG_ANALYZER_NONNULL = YES;
				CLANG_ANALYZER_NUMBER_OBJECT_CONVERSION = YES_AGGRESSIVE;
				CLANG_CXX_LANGUAGE_STANDARD = "gnu++14";
				CLANG_CXX_LIBRARY = "libc++";
				CLANG_ENABLE_MODULES = YES;
				CLANG_ENABLE_OBJC_ARC = YES;
				CLANG_ENABLE_OBJC_WEAK = YES;
				CLANG_WARN_BLOCK_CAPTURE_AUTORELEASING = YES;
				CLANG_WARN_BOOL_CONVERSION = YES;
				CLANG_WARN_COMMA = YES;
				CLANG_WARN_CONSTANT_CONVERSION = YES;
				CLANG_WARN_DEPRECATED_OBJC_IMPLEMENTATIONS = YES;
				CLANG_WARN_DIRECT_OBJC_ISA_USAGE = YES_ERROR;
				CLANG_WARN_DOCUMENTATION_COMMENTS = YES;
				CLANG_WARN_EMPTY_BODY = YES;
				CLANG_WARN_ENUM_CONVERSION = YES;
				CLANG_WARN_INFINITE_RECURSION = YES;
				CLANG_WARN_INT_CONVERSION = YES;
				CLANG_WARN_NON_LITERAL_NULL_CONVERSION = YES;
				CLANG_WARN_OBJC_IMPLICIT_RETAIN_SELF = YES;
				CLANG_WARN_OBJC_LITERAL_CONVERSION = YES;
				CLANG_WARN_OBJC_ROOT_CLASS = YES_ERROR;
				CLANG_WARN_RANGE_LOOP_ANALYSIS = YES;
				CLANG_WARN_STRICT_PROTOTYPES = YES;
				CLANG_WARN_SUSPICIOUS_MOVE = YES;
				CLANG_WARN_UNGUARDED_AVAILABILITY = YES_AGGRESSIVE;
				CLANG_WARN_UNREACHABLE_CODE = YES;
				CLANG_WARN__DUPLICATE_METHOD_MATCH = YES;
				CODE_SIGN_IDENTITY = "iPhone Developer";
				COPY_PHASE_STRIP = NO;
				DEBUG_INFORMATION_FORMAT = dwarf;
				ENABLE_STRICT_OBJC_MSGSEND = YES;
				ENABLE_TESTABILITY = YES;
				GCC_C_LANGUAGE_STANDARD = gnu11;
				GCC_DYNAMIC_NO_PIC = NO;
				GCC_NO_COMMON_BLOCKS = YES;
				GCC_OPTIMIZATION_LEVEL = 0;
				GCC_PREPROCESSOR_DEFINITIONS = (
					"DEBUG=1",
					"$(inherited)",
				);
				GCC_WARN_64_TO_32_BIT_CONVERSION = YES;
				GCC_WARN_ABOUT_RETURN_TYPE = YES_ERROR;
				GCC_WARN_UNDECLARED_SELECTOR = YES;
				GCC_WARN_UNINITIALIZED_AUTOS = YES_AGGRESSIVE;
				GCC_WARN_UNUSED_FUNCTION = YES;
				GCC_WARN_UNUSED_VARIABLE = YES;
				IPHONEOS_DEPLOYMENT_TARGET = 11.3;
				MTL_ENABLE_DEBUG_INFO = YES;
				ONLY_ACTIVE_ARCH = YES;
				SDKROOT = iphoneos;
				SWIFT_ACTIVE_COMPILATION_CONDITIONS = DEBUG;
				SWIFT_OPTIMIZATION_LEVEL = "-Onone";
			};
			name = Debug;
		};
		3EAB3DD220B051D700913C9D /* Release */ = {
			isa = XCBuildConfiguration;
			buildSettings = {
				ALWAYS_SEARCH_USER_PATHS = NO;
				CLANG_ANALYZER_NONNULL = YES;
				CLANG_ANALYZER_NUMBER_OBJECT_CONVERSION = YES_AGGRESSIVE;
				CLANG_CXX_LANGUAGE_STANDARD = "gnu++14";
				CLANG_CXX_LIBRARY = "libc++";
				CLANG_ENABLE_MODULES = YES;
				CLANG_ENABLE_OBJC_ARC = YES;
				CLANG_ENABLE_OBJC_WEAK = YES;
				CLANG_WARN_BLOCK_CAPTURE_AUTORELEASING = YES;
				CLANG_WARN_BOOL_CONVERSION = YES;
				CLANG_WARN_COMMA = YES;
				CLANG_WARN_CONSTANT_CONVERSION = YES;
				CLANG_WARN_DEPRECATED_OBJC_IMPLEMENTATIONS = YES;
				CLANG_WARN_DIRECT_OBJC_ISA_USAGE = YES_ERROR;
				CLANG_WARN_DOCUMENTATION_COMMENTS = YES;
				CLANG_WARN_EMPTY_BODY = YES;
				CLANG_WARN_ENUM_CONVERSION = YES;
				CLANG_WARN_INFINITE_RECURSION = YES;
				CLANG_WARN_INT_CONVERSION = YES;
				CLANG_WARN_NON_LITERAL_NULL_CONVERSION = YES;
				CLANG_WARN_OBJC_IMPLICIT_RETAIN_SELF = YES;
				CLANG_WARN_OBJC_LITERAL_CONVERSION = YES;
				CLANG_WARN_OBJC_ROOT_CLASS = YES_ERROR;
				CLANG_WARN_RANGE_LOOP_ANALYSIS = YES;
				CLANG_WARN_STRICT_PROTOTYPES = YES;
				CLANG_WARN_SUSPICIOUS_MOVE = YES;
				CLANG_WARN_UNGUARDED_AVAILABILITY = YES_AGGRESSIVE;
				CLANG_WARN_UNREACHABLE_CODE = YES;
				CLANG_WARN__DUPLICATE_METHOD_MATCH = YES;
				CODE_SIGN_IDENTITY = "iPhone Developer";
				COPY_PHASE_STRIP = NO;
				DEBUG_INFORMATION_FORMAT = "dwarf-with-dsym";
				ENABLE_NS_ASSERTIONS = NO;
				ENABLE_STRICT_OBJC_MSGSEND = YES;
				GCC_C_LANGUAGE_STANDARD = gnu11;
				GCC_NO_COMMON_BLOCKS = YES;
				GCC_WARN_64_TO_32_BIT_CONVERSION = YES;
				GCC_WARN_ABOUT_RETURN_TYPE = YES_ERROR;
				GCC_WARN_UNDECLARED_SELECTOR = YES;
				GCC_WARN_UNINITIALIZED_AUTOS = YES_AGGRESSIVE;
				GCC_WARN_UNUSED_FUNCTION = YES;
				GCC_WARN_UNUSED_VARIABLE = YES;
				IPHONEOS_DEPLOYMENT_TARGET = 11.3;
				MTL_ENABLE_DEBUG_INFO = NO;
				SDKROOT = iphoneos;
				SWIFT_COMPILATION_MODE = wholemodule;
				SWIFT_OPTIMIZATION_LEVEL = "-O";
				VALIDATE_PRODUCT = YES;
			};
			name = Release;
		};
		3EAB3DD420B051D700913C9D /* Debug */ = {
			isa = XCBuildConfiguration;
			buildSettings = {
				ASSETCATALOG_COMPILER_APPICON_NAME = AppIcon;
				CODE_SIGN_STYLE = Automatic;
				INFOPLIST_FILE = "Trip Test/Info.plist";
				LD_RUNPATH_SEARCH_PATHS = (
					"$(inherited)",
					"@executable_path/Frameworks",
				);
				PRODUCT_BUNDLE_IDENTIFIER = "s.Trip-Test";
				PRODUCT_NAME = "$(TARGET_NAME)";
				SWIFT_VERSION = 4.0;
				TARGETED_DEVICE_FAMILY = "1,2";
			};
			name = Debug;
		};
		3EAB3DD520B051D700913C9D /* Release */ = {
			isa = XCBuildConfiguration;
			buildSettings = {
				ASSETCATALOG_COMPILER_APPICON_NAME = AppIcon;
				CODE_SIGN_STYLE = Automatic;
				INFOPLIST_FILE = "Trip Test/Info.plist";
				LD_RUNPATH_SEARCH_PATHS = (
					"$(inherited)",
					"@executable_path/Frameworks",
				);
				PRODUCT_BUNDLE_IDENTIFIER = "s.Trip-Test";
				PRODUCT_NAME = "$(TARGET_NAME)";
				SWIFT_VERSION = 4.0;
				TARGETED_DEVICE_FAMILY = "1,2";
			};
			name = Release;
		};
		3EAB3DD720B051D700913C9D /* Debug */ = {
			isa = XCBuildConfiguration;
			buildSettings = {
				ALWAYS_EMBED_SWIFT_STANDARD_LIBRARIES = YES;
				BUNDLE_LOADER = "$(TEST_HOST)";
				CODE_SIGN_STYLE = Automatic;
				INFOPLIST_FILE = "Trip TestTests/Info.plist";
				LD_RUNPATH_SEARCH_PATHS = (
					"$(inherited)",
					"@executable_path/Frameworks",
					"@loader_path/Frameworks",
				);
				PRODUCT_BUNDLE_IDENTIFIER = "s.Trip-TestTests";
				PRODUCT_NAME = "$(TARGET_NAME)";
				SWIFT_VERSION = 4.0;
				TARGETED_DEVICE_FAMILY = "1,2";
				TEST_HOST = "$(BUILT_PRODUCTS_DIR)/Trip Test.app/Trip Test";
			};
			name = Debug;
		};
		3EAB3DD820B051D700913C9D /* Release */ = {
			isa = XCBuildConfiguration;
			buildSettings = {
				ALWAYS_EMBED_SWIFT_STANDARD_LIBRARIES = YES;
				BUNDLE_LOADER = "$(TEST_HOST)";
				CODE_SIGN_STYLE = Automatic;
				INFOPLIST_FILE = "Trip TestTests/Info.plist";
				LD_RUNPATH_SEARCH_PATHS = (
					"$(inherited)",
					"@executable_path/Frameworks",
					"@loader_path/Frameworks",
				);
				PRODUCT_BUNDLE_IDENTIFIER = "s.Trip-TestTests";
				PRODUCT_NAME = "$(TARGET_NAME)";
				SWIFT_VERSION = 4.0;
				TARGETED_DEVICE_FAMILY = "1,2";
				TEST_HOST = "$(BUILT_PRODUCTS_DIR)/Trip Test.app/Trip Test";
			};
			name = Release;
		};
		3EAB3DDA20B051D700913C9D /* Debug */ = {
			isa = XCBuildConfiguration;
			buildSettings = {
				ALWAYS_EMBED_SWIFT_STANDARD_LIBRARIES = YES;
				CODE_SIGN_STYLE = Automatic;
				INFOPLIST_FILE = "Trip TestUITests/Info.plist";
				LD_RUNPATH_SEARCH_PATHS = (
					"$(inherited)",
					"@executable_path/Frameworks",
					"@loader_path/Frameworks",
				);
				PRODUCT_BUNDLE_IDENTIFIER = "s.Trip-TestUITests";
				PRODUCT_NAME = "$(TARGET_NAME)";
				SWIFT_VERSION = 4.0;
				TARGETED_DEVICE_FAMILY = "1,2";
				TEST_TARGET_NAME = "Trip Test";
			};
			name = Debug;
		};
		3EAB3DDB20B051D700913C9D /* Release */ = {
			isa = XCBuildConfiguration;
			buildSettings = {
				ALWAYS_EMBED_SWIFT_STANDARD_LIBRARIES = YES;
				CODE_SIGN_STYLE = Automatic;
				INFOPLIST_FILE = "Trip TestUITests/Info.plist";
				LD_RUNPATH_SEARCH_PATHS = (
					"$(inherited)",
					"@executable_path/Frameworks",
					"@loader_path/Frameworks",
				);
				PRODUCT_BUNDLE_IDENTIFIER = "s.Trip-TestUITests";
				PRODUCT_NAME = "$(TARGET_NAME)";
				SWIFT_VERSION = 4.0;
				TARGETED_DEVICE_FAMILY = "1,2";
				TEST_TARGET_NAME = "Trip Test";
			};
			name = Release;
		};
/* End XCBuildConfiguration section */

/* Begin XCConfigurationList section */
		3EAB3DA620B051CB00913C9D /* Build configuration list for PBXProject "Trip Test" */ = {
			isa = XCConfigurationList;
			buildConfigurations = (
				3EAB3DD120B051D700913C9D /* Debug */,
				3EAB3DD220B051D700913C9D /* Release */,
			);
			defaultConfigurationIsVisible = 0;
			defaultConfigurationName = Release;
		};
		3EAB3DD320B051D700913C9D /* Build configuration list for PBXNativeTarget "Trip Test" */ = {
			isa = XCConfigurationList;
			buildConfigurations = (
				3EAB3DD420B051D700913C9D /* Debug */,
				3EAB3DD520B051D700913C9D /* Release */,
			);
			defaultConfigurationIsVisible = 0;
			defaultConfigurationName = Release;
		};
		3EAB3DD620B051D700913C9D /* Build configuration list for PBXNativeTarget "Trip TestTests" */ = {
			isa = XCConfigurationList;
			buildConfigurations = (
				3EAB3DD720B051D700913C9D /* Debug */,
				3EAB3DD820B051D700913C9D /* Release */,
			);
			defaultConfigurationIsVisible = 0;
			defaultConfigurationName = Release;
		};
		3EAB3DD920B051D700913C9D /* Build configuration list for PBXNativeTarget "Trip TestUITests" */ = {
			isa = XCConfigurationList;
			buildConfigurations = (
				3EAB3DDA20B051D700913C9D /* Debug */,
				3EAB3DDB20B051D700913C9D /* Release */,
			);
			defaultConfigurationIsVisible = 0;
			defaultConfigurationName = Release;
		};
/* End XCConfigurationList section */
	};
	rootObject = 3EAB3DA320B051CB00913C9D /* Project object */;
}
